<Solution>
  <Project Path="HomeWork-01/HomeWork_01.csproj" Id="f4e8433b-9947-4a82-b106-9e37c1f58896" />
  <Project Path="HomeWork_02/HomeWork_02.csproj" Id="9e31fece-5cb6-430f-8c59-dac64f6a5c44" />
  <Project Path="HomeWork_03/HomeWork_03.csproj" Id="331a53f2-10ea-461d-b99e-fb61b7d12ad9" />
  <Project Path="Learning_C_basics_App.Tests/Learning_C_basics_App.Tests.csproj" Id="1b0fe5fb-f4d7-4df5-8a53-1c0827517fc4" />
  <Project Path="Learning_C_basics_App/Learning_C_basics_App.csproj" Id="9e72fe88-ead7-4859-93e8-741bbbd7c16c" />
</Solution>
