<Solution>
  <Project Path="Benchmark/Benchmark.csproj" Id="36e63d91-6baa-40fa-8a76-f1b0bc5c1d1b" />
  <Project Path="BenchmarkExample/BenchmarkExample.csproj" Id="438e59d7-5a32-4095-9a72-e9ebfc77b992" />
  <Project Path="HomeWork-01/HomeWork_01.csproj" Id="f4e8433b-9947-4a82-b106-9e37c1f58896" />
  <Project Path="HomeWork_02/HomeWork_02.csproj" Id="9e31fece-5cb6-430f-8c59-dac64f6a5c44" />
  <Project Path="HomeWork_03/HomeWork_03.csproj" Id="331a53f2-10ea-461d-b99e-fb61b7d12ad9" />
  <Project Path="HomeWork_04/HomeWork_04.csproj" Id="09d24436-d4e0-4ad6-9f7c-21ae4c1e3a58" />
  <Project Path="HomeWork_05.Tests/HomeWork_05.Tests.csproj" Id="c8f8a3d0-4dd4-4e1e-9c11-1545e76bf5df" />
  <Project Path="HomeWork_05/HomeWork_05.csproj" Id="f66d4de0-6453-4e15-a5dc-f85e353f7454" />
  <Project Path="HomeWork_06/HomeWork_06.csproj" Id="45da7353-0c6a-4755-aa8d-4eb4467b54a7" />
  <Project Path="HomeWork_07/HomeWork_07.csproj" Id="470014a1-47b5-44bf-9367-139a19a77a53" />
  <Project Path="HomeWork_08/HomeWork_08.csproj" Id="d2a6e44f-8ba0-4d04-895f-74af90222107" />
  <Project Path="HomeWork_09/HomeWork_09.csproj" Id="24ce9637-f008-4dd2-a104-1ae03b7ceab2" />
  <Project Path="HomeWork_10/HomeWork_10.csproj" Id="402778cc-e013-42ce-80fc-b8f3b0cf04c2" />
  <Project Path="HomeWork_11/HomeWork_11.csproj" Id="e92bdbb1-3b1c-4d03-873a-6841d9af1691" />
  <Project Path="Learning_C_basics_App.Tests/Learning_C_basics_App.Tests.csproj" Id="1b0fe5fb-f4d7-4df5-8a53-1c0827517fc4" />
  <Project Path="Learning_C_basics_App/Learning_C_basics_App.csproj" Id="9e72fe88-ead7-4859-93e8-741bbbd7c16c" />
  <Project Path="Lessons_Net_Core/Lessons_Net_Core.csproj" Id="1af23dde-d81f-4fe3-9f70-e3f28b464608" />
  <Project Path="Lessons_WinForms/Lessons_WinForms.csproj" Id="4d85ae55-22d5-4188-808e-2254a99f16d5" />
</Solution>
